
Microsoft Visual Studio Solution File, Format Version 12.00
# Visual Studio Version 16
VisualStudioVersion = 16.0.30225.117
MinimumVisualStudioVersion = 10.0.40219.1
Project("{9A19103F-16F7-4668-BE54-9A1E7A4F7556}") = "Trisome.WPF", "Trisome.WPF\Trisome.WPF.csproj", "{2603F505-1E16-48EA-9108-1A704F2CD1A1}"
EndProject
Project("{9A19103F-16F7-4668-BE54-9A1E7A4F7556}") = "Trisome.Core", "Trisome.Core\Trisome.Core.csproj", "{DC1205FD-AB37-47AF-8BD0-940189D6BAB1}"
EndProject
Project("{9A19103F-16F7-4668-BE54-9A1E7A4F7556}") = "Trisome.DryIoC.WPF", "Trisome.DryIoC.WPF\Trisome.DryIoC.WPF.csproj", "{0B679D7B-5233-46C1-8E4C-F1275976756B}"
EndProject
Project("{9A19103F-16F7-4668-BE54-9A1E7A4F7556}") = "OrzLE.WPF", "OrzLE.WPF\OrzLE.WPF.csproj", "{2674AF0A-55FF-4D24-AFCA-400670146587}"
EndProject
Project("{9A19103F-16F7-4668-BE54-9A1E7A4F7556}") = "ATooth.WPF", "ATooth.WPF\ATooth.WPF.csproj", "{B36712D2-5F36-45A4-84B7-E3F197A19A6C}"
EndProject
Project("{2150E333-8FDC-42A3-9474-1A3956D46DE8}") = "Screw", "Screw", "{F2092126-2119-4A83-91D6-39FBF93B9658}"
EndProject
Project("{9A19103F-16F7-4668-BE54-9A1E7A4F7556}") = "Screw.Core", "Screw\Screw.Core\Screw.Core.csproj", "{1BB85C21-5E2F-4512-8CC3-29E8A41C0161}"
EndProject
Project("{FAE04EC0-301F-11D3-BF4B-00C04F79EFBC}") = "Screw.Android", "Screw\Screw.Android\Screw.Android.csproj", "{6DC8B36C-F290-4B2F-905C-AB98D1A2B4E0}"
EndProject
Project("{FAE04EC0-301F-11D3-BF4B-00C04F79EFBC}") = "Screw.iOS", "Screw\Screw.iOS\Screw.iOS.csproj", "{1D989CBC-C16C-49E4-BA94-A428DD4276B6}"
EndProject
Project("{FAE04EC0-301F-11D3-BF4B-00C04F79EFBC}") = "Screw.UWP", "Screw\Screw.UWP\Screw.UWP.csproj", "{973649F9-009E-41FF-8830-B9AD8A50A7A0}"
EndProject
Global
	GlobalSection(SolutionConfigurationPlatforms) = preSolution
		Debug|Any CPU = Debug|Any CPU
		Debug|ARM = Debug|ARM
		Debug|iPhone = Debug|iPhone
		Debug|iPhoneSimulator = Debug|iPhoneSimulator
		Debug|x64 = Debug|x64
		Debug|x86 = Debug|x86
		Release|Any CPU = Release|Any CPU
		Release|ARM = Release|ARM
		Release|iPhone = Release|iPhone
		Release|iPhoneSimulator = Release|iPhoneSimulator
		Release|x64 = Release|x64
		Release|x86 = Release|x86
	EndGlobalSection
	GlobalSection(ProjectConfigurationPlatforms) = postSolution
		{2603F505-1E16-48EA-9108-1A704F2CD1A1}.Debug|Any CPU.ActiveCfg = Debug|Any CPU
		{2603F505-1E16-48EA-9108-1A704F2CD1A1}.Debug|Any CPU.Build.0 = Debug|Any CPU
		{2603F505-1E16-48EA-9108-1A704F2CD1A1}.Debug|ARM.ActiveCfg = Debug|Any CPU
		{2603F505-1E16-48EA-9108-1A704F2CD1A1}.Debug|ARM.Build.0 = Debug|Any CPU
		{2603F505-1E16-48EA-9108-1A704F2CD1A1}.Debug|iPhone.ActiveCfg = Debug|Any CPU
		{2603F505-1E16-48EA-9108-1A704F2CD1A1}.Debug|iPhone.Build.0 = Debug|Any CPU
		{2603F505-1E16-48EA-9108-1A704F2CD1A1}.Debug|iPhoneSimulator.ActiveCfg = Debug|Any CPU
		{2603F505-1E16-48EA-9108-1A704F2CD1A1}.Debug|iPhoneSimulator.Build.0 = Debug|Any CPU
		{2603F505-1E16-48EA-9108-1A704F2CD1A1}.Debug|x64.ActiveCfg = Debug|Any CPU
		{2603F505-1E16-48EA-9108-1A704F2CD1A1}.Debug|x64.Build.0 = Debug|Any CPU
		{2603F505-1E16-48EA-9108-1A704F2CD1A1}.Debug|x86.ActiveCfg = Debug|Any CPU
		{2603F505-1E16-48EA-9108-1A704F2CD1A1}.Debug|x86.Build.0 = Debug|Any CPU
		{2603F505-1E16-48EA-9108-1A704F2CD1A1}.Release|Any CPU.ActiveCfg = Release|Any CPU
		{2603F505-1E16-48EA-9108-1A704F2CD1A1}.Release|Any CPU.Build.0 = Release|Any CPU
		{2603F505-1E16-48EA-9108-1A704F2CD1A1}.Release|ARM.ActiveCfg = Release|Any CPU
		{2603F505-1E16-48EA-9108-1A704F2CD1A1}.Release|ARM.Build.0 = Release|Any CPU
		{2603F505-1E16-48EA-9108-1A704F2CD1A1}.Release|iPhone.ActiveCfg = Release|Any CPU
		{2603F505-1E16-48EA-9108-1A704F2CD1A1}.Release|iPhone.Build.0 = Release|Any CPU
		{2603F505-1E16-48EA-9108-1A704F2CD1A1}.Release|iPhoneSimulator.ActiveCfg = Release|Any CPU
		{2603F505-1E16-48EA-9108-1A704F2CD1A1}.Release|iPhoneSimulator.Build.0 = Release|Any CPU
		{2603F505-1E16-48EA-9108-1A704F2CD1A1}.Release|x64.ActiveCfg = Release|Any CPU
		{2603F505-1E16-48EA-9108-1A704F2CD1A1}.Release|x64.Build.0 = Release|Any CPU
		{2603F505-1E16-48EA-9108-1A704F2CD1A1}.Release|x86.ActiveCfg = Release|Any CPU
		{2603F505-1E16-48EA-9108-1A704F2CD1A1}.Release|x86.Build.0 = Release|Any CPU
		{DC1205FD-AB37-47AF-8BD0-940189D6BAB1}.Debug|Any CPU.ActiveCfg = Debug|Any CPU
		{DC1205FD-AB37-47AF-8BD0-940189D6BAB1}.Debug|Any CPU.Build.0 = Debug|Any CPU
		{DC1205FD-AB37-47AF-8BD0-940189D6BAB1}.Debug|ARM.ActiveCfg = Debug|Any CPU
		{DC1205FD-AB37-47AF-8BD0-940189D6BAB1}.Debug|ARM.Build.0 = Debug|Any CPU
		{DC1205FD-AB37-47AF-8BD0-940189D6BAB1}.Debug|iPhone.ActiveCfg = Debug|Any CPU
		{DC1205FD-AB37-47AF-8BD0-940189D6BAB1}.Debug|iPhone.Build.0 = Debug|Any CPU
		{DC1205FD-AB37-47AF-8BD0-940189D6BAB1}.Debug|iPhoneSimulator.ActiveCfg = Debug|Any CPU
		{DC1205FD-AB37-47AF-8BD0-940189D6BAB1}.Debug|iPhoneSimulator.Build.0 = Debug|Any CPU
		{DC1205FD-AB37-47AF-8BD0-940189D6BAB1}.Debug|x64.ActiveCfg = Debug|Any CPU
		{DC1205FD-AB37-47AF-8BD0-940189D6BAB1}.Debug|x64.Build.0 = Debug|Any CPU
		{DC1205FD-AB37-47AF-8BD0-940189D6BAB1}.Debug|x86.ActiveCfg = Debug|Any CPU
		{DC1205FD-AB37-47AF-8BD0-940189D6BAB1}.Debug|x86.Build.0 = Debug|Any CPU
		{DC1205FD-AB37-47AF-8BD0-940189D6BAB1}.Release|Any CPU.ActiveCfg = Release|Any CPU
		{DC1205FD-AB37-47AF-8BD0-940189D6BAB1}.Release|Any CPU.Build.0 = Release|Any CPU
		{DC1205FD-AB37-47AF-8BD0-940189D6BAB1}.Release|ARM.ActiveCfg = Release|Any CPU
		{DC1205FD-AB37-47AF-8BD0-940189D6BAB1}.Release|ARM.Build.0 = Release|Any CPU
		{DC1205FD-AB37-47AF-8BD0-940189D6BAB1}.Release|iPhone.ActiveCfg = Release|Any CPU
		{DC1205FD-AB37-47AF-8BD0-940189D6BAB1}.Release|iPhone.Build.0 = Release|Any CPU
		{DC1205FD-AB37-47AF-8BD0-940189D6BAB1}.Release|iPhoneSimulator.ActiveCfg = Release|Any CPU
		{DC1205FD-AB37-47AF-8BD0-940189D6BAB1}.Release|iPhoneSimulator.Build.0 = Release|Any CPU
		{DC1205FD-AB37-47AF-8BD0-940189D6BAB1}.Release|x64.ActiveCfg = Release|Any CPU
		{DC1205FD-AB37-47AF-8BD0-940189D6BAB1}.Release|x64.Build.0 = Release|Any CPU
		{DC1205FD-AB37-47AF-8BD0-940189D6BAB1}.Release|x86.ActiveCfg = Release|Any CPU
		{DC1205FD-AB37-47AF-8BD0-940189D6BAB1}.Release|x86.Build.0 = Release|Any CPU
		{0B679D7B-5233-46C1-8E4C-F1275976756B}.Debug|Any CPU.ActiveCfg = Debug|Any CPU
		{0B679D7B-5233-46C1-8E4C-F1275976756B}.Debug|Any CPU.Build.0 = Debug|Any CPU
		{0B679D7B-5233-46C1-8E4C-F1275976756B}.Debug|ARM.ActiveCfg = Debug|Any CPU
		{0B679D7B-5233-46C1-8E4C-F1275976756B}.Debug|ARM.Build.0 = Debug|Any CPU
		{0B679D7B-5233-46C1-8E4C-F1275976756B}.Debug|iPhone.ActiveCfg = Debug|Any CPU
		{0B679D7B-5233-46C1-8E4C-F1275976756B}.Debug|iPhone.Build.0 = Debug|Any CPU
		{0B679D7B-5233-46C1-8E4C-F1275976756B}.Debug|iPhoneSimulator.ActiveCfg = Debug|Any CPU
		{0B679D7B-5233-46C1-8E4C-F1275976756B}.Debug|iPhoneSimulator.Build.0 = Debug|Any CPU
		{0B679D7B-5233-46C1-8E4C-F1275976756B}.Debug|x64.ActiveCfg = Debug|Any CPU
		{0B679D7B-5233-46C1-8E4C-F1275976756B}.Debug|x64.Build.0 = Debug|Any CPU
		{0B679D7B-5233-46C1-8E4C-F1275976756B}.Debug|x86.ActiveCfg = Debug|Any CPU
		{0B679D7B-5233-46C1-8E4C-F1275976756B}.Debug|x86.Build.0 = Debug|Any CPU
		{0B679D7B-5233-46C1-8E4C-F1275976756B}.Release|Any CPU.ActiveCfg = Release|Any CPU
		{0B679D7B-5233-46C1-8E4C-F1275976756B}.Release|Any CPU.Build.0 = Release|Any CPU
		{0B679D7B-5233-46C1-8E4C-F1275976756B}.Release|ARM.ActiveCfg = Release|Any CPU
		{0B679D7B-5233-46C1-8E4C-F1275976756B}.Release|ARM.Build.0 = Release|Any CPU
		{0B679D7B-5233-46C1-8E4C-F1275976756B}.Release|iPhone.ActiveCfg = Release|Any CPU
		{0B679D7B-5233-46C1-8E4C-F1275976756B}.Release|iPhone.Build.0 = Release|Any CPU
		{0B679D7B-5233-46C1-8E4C-F1275976756B}.Release|iPhoneSimulator.ActiveCfg = Release|Any CPU
		{0B679D7B-5233-46C1-8E4C-F1275976756B}.Release|iPhoneSimulator.Build.0 = Release|Any CPU
		{0B679D7B-5233-46C1-8E4C-F1275976756B}.Release|x64.ActiveCfg = Release|Any CPU
		{0B679D7B-5233-46C1-8E4C-F1275976756B}.Release|x64.Build.0 = Release|Any CPU
		{0B679D7B-5233-46C1-8E4C-F1275976756B}.Release|x86.ActiveCfg = Release|Any CPU
		{0B679D7B-5233-46C1-8E4C-F1275976756B}.Release|x86.Build.0 = Release|Any CPU
		{2674AF0A-55FF-4D24-AFCA-400670146587}.Debug|Any CPU.ActiveCfg = Debug|Any CPU
		{2674AF0A-55FF-4D24-AFCA-400670146587}.Debug|Any CPU.Build.0 = Debug|Any CPU
		{2674AF0A-55FF-4D24-AFCA-400670146587}.Debug|ARM.ActiveCfg = Debug|Any CPU
		{2674AF0A-55FF-4D24-AFCA-400670146587}.Debug|ARM.Build.0 = Debug|Any CPU
		{2674AF0A-55FF-4D24-AFCA-400670146587}.Debug|iPhone.ActiveCfg = Debug|Any CPU
		{2674AF0A-55FF-4D24-AFCA-400670146587}.Debug|iPhone.Build.0 = Debug|Any CPU
		{2674AF0A-55FF-4D24-AFCA-400670146587}.Debug|iPhoneSimulator.ActiveCfg = Debug|Any CPU
		{2674AF0A-55FF-4D24-AFCA-400670146587}.Debug|iPhoneSimulator.Build.0 = Debug|Any CPU
		{2674AF0A-55FF-4D24-AFCA-400670146587}.Debug|x64.ActiveCfg = Debug|Any CPU
		{2674AF0A-55FF-4D24-AFCA-400670146587}.Debug|x64.Build.0 = Debug|Any CPU
		{2674AF0A-55FF-4D24-AFCA-400670146587}.Debug|x86.ActiveCfg = Debug|Any CPU
		{2674AF0A-55FF-4D24-AFCA-400670146587}.Debug|x86.Build.0 = Debug|Any CPU
		{2674AF0A-55FF-4D24-AFCA-400670146587}.Release|Any CPU.ActiveCfg = Release|Any CPU
		{2674AF0A-55FF-4D24-AFCA-400670146587}.Release|Any CPU.Build.0 = Release|Any CPU
		{2674AF0A-55FF-4D24-AFCA-400670146587}.Release|ARM.ActiveCfg = Release|Any CPU
		{2674AF0A-55FF-4D24-AFCA-400670146587}.Release|ARM.Build.0 = Release|Any CPU
		{2674AF0A-55FF-4D24-AFCA-400670146587}.Release|iPhone.ActiveCfg = Release|Any CPU
		{2674AF0A-55FF-4D24-AFCA-400670146587}.Release|iPhone.Build.0 = Release|Any CPU
		{2674AF0A-55FF-4D24-AFCA-400670146587}.Release|iPhoneSimulator.ActiveCfg = Release|Any CPU
		{2674AF0A-55FF-4D24-AFCA-400670146587}.Release|iPhoneSimulator.Build.0 = Release|Any CPU
		{2674AF0A-55FF-4D24-AFCA-400670146587}.Release|x64.ActiveCfg = Release|Any CPU
		{2674AF0A-55FF-4D24-AFCA-400670146587}.Release|x64.Build.0 = Release|Any CPU
		{2674AF0A-55FF-4D24-AFCA-400670146587}.Release|x86.ActiveCfg = Release|Any CPU
		{2674AF0A-55FF-4D24-AFCA-400670146587}.Release|x86.Build.0 = Release|Any CPU
		{B36712D2-5F36-45A4-84B7-E3F197A19A6C}.Debug|Any CPU.ActiveCfg = Debug|Any CPU
		{B36712D2-5F36-45A4-84B7-E3F197A19A6C}.Debug|Any CPU.Build.0 = Debug|Any CPU
		{B36712D2-5F36-45A4-84B7-E3F197A19A6C}.Debug|ARM.ActiveCfg = Debug|Any CPU
		{B36712D2-5F36-45A4-84B7-E3F197A19A6C}.Debug|ARM.Build.0 = Debug|Any CPU
		{B36712D2-5F36-45A4-84B7-E3F197A19A6C}.Debug|iPhone.ActiveCfg = Debug|Any CPU
		{B36712D2-5F36-45A4-84B7-E3F197A19A6C}.Debug|iPhone.Build.0 = Debug|Any CPU
		{B36712D2-5F36-45A4-84B7-E3F197A19A6C}.Debug|iPhoneSimulator.ActiveCfg = Debug|Any CPU
		{B36712D2-5F36-45A4-84B7-E3F197A19A6C}.Debug|iPhoneSimulator.Build.0 = Debug|Any CPU
		{B36712D2-5F36-45A4-84B7-E3F197A19A6C}.Debug|x64.ActiveCfg = Debug|Any CPU
		{B36712D2-5F36-45A4-84B7-E3F197A19A6C}.Debug|x64.Build.0 = Debug|Any CPU
		{B36712D2-5F36-45A4-84B7-E3F197A19A6C}.Debug|x86.ActiveCfg = Debug|Any CPU
		{B36712D2-5F36-45A4-84B7-E3F197A19A6C}.Debug|x86.Build.0 = Debug|Any CPU
		{B36712D2-5F36-45A4-84B7-E3F197A19A6C}.Release|Any CPU.ActiveCfg = Release|Any CPU
		{B36712D2-5F36-45A4-84B7-E3F197A19A6C}.Release|Any CPU.Build.0 = Release|Any CPU
		{B36712D2-5F36-45A4-84B7-E3F197A19A6C}.Release|ARM.ActiveCfg = Release|Any CPU
		{B36712D2-5F36-45A4-84B7-E3F197A19A6C}.Release|ARM.Build.0 = Release|Any CPU
		{B36712D2-5F36-45A4-84B7-E3F197A19A6C}.Release|iPhone.ActiveCfg = Release|Any CPU
		{B36712D2-5F36-45A4-84B7-E3F197A19A6C}.Release|iPhone.Build.0 = Release|Any CPU
		{B36712D2-5F36-45A4-84B7-E3F197A19A6C}.Release|iPhoneSimulator.ActiveCfg = Release|Any CPU
		{B36712D2-5F36-45A4-84B7-E3F197A19A6C}.Release|iPhoneSimulator.Build.0 = Release|Any CPU
		{B36712D2-5F36-45A4-84B7-E3F197A19A6C}.Release|x64.ActiveCfg = Release|Any CPU
		{B36712D2-5F36-45A4-84B7-E3F197A19A6C}.Release|x64.Build.0 = Release|Any CPU
		{B36712D2-5F36-45A4-84B7-E3F197A19A6C}.Release|x86.ActiveCfg = Release|Any CPU
		{B36712D2-5F36-45A4-84B7-E3F197A19A6C}.Release|x86.Build.0 = Release|Any CPU
		{1BB85C21-5E2F-4512-8CC3-29E8A41C0161}.Debug|Any CPU.ActiveCfg = Debug|Any CPU
		{1BB85C21-5E2F-4512-8CC3-29E8A41C0161}.Debug|Any CPU.Build.0 = Debug|Any CPU
		{1BB85C21-5E2F-4512-8CC3-29E8A41C0161}.Debug|ARM.ActiveCfg = Debug|Any CPU
		{1BB85C21-5E2F-4512-8CC3-29E8A41C0161}.Debug|ARM.Build.0 = Debug|Any CPU
		{1BB85C21-5E2F-4512-8CC3-29E8A41C0161}.Debug|iPhone.ActiveCfg = Debug|Any CPU
		{1BB85C21-5E2F-4512-8CC3-29E8A41C0161}.Debug|iPhone.Build.0 = Debug|Any CPU
		{1BB85C21-5E2F-4512-8CC3-29E8A41C0161}.Debug|iPhoneSimulator.ActiveCfg = Debug|Any CPU
		{1BB85C21-5E2F-4512-8CC3-29E8A41C0161}.Debug|iPhoneSimulator.Build.0 = Debug|Any CPU
		{1BB85C21-5E2F-4512-8CC3-29E8A41C0161}.Debug|x64.ActiveCfg = Debug|Any CPU
		{1BB85C21-5E2F-4512-8CC3-29E8A41C0161}.Debug|x64.Build.0 = Debug|Any CPU
		{1BB85C21-5E2F-4512-8CC3-29E8A41C0161}.Debug|x86.ActiveCfg = Debug|Any CPU
		{1BB85C21-5E2F-4512-8CC3-29E8A41C0161}.Debug|x86.Build.0 = Debug|Any CPU
		{1BB85C21-5E2F-4512-8CC3-29E8A41C0161}.Release|Any CPU.ActiveCfg = Release|Any CPU
		{1BB85C21-5E2F-4512-8CC3-29E8A41C0161}.Release|Any CPU.Build.0 = Release|Any CPU
		{1BB85C21-5E2F-4512-8CC3-29E8A41C0161}.Release|ARM.ActiveCfg = Release|Any CPU
		{1BB85C21-5E2F-4512-8CC3-29E8A41C0161}.Release|ARM.Build.0 = Release|Any CPU
		{1BB85C21-5E2F-4512-8CC3-29E8A41C0161}.Release|iPhone.ActiveCfg = Release|Any CPU
		{1BB85C21-5E2F-4512-8CC3-29E8A41C0161}.Release|iPhone.Build.0 = Release|Any CPU
		{1BB85C21-5E2F-4512-8CC3-29E8A41C0161}.Release|iPhoneSimulator.ActiveCfg = Release|Any CPU
		{1BB85C21-5E2F-4512-8CC3-29E8A41C0161}.Release|iPhoneSimulator.Build.0 = Release|Any CPU
		{1BB85C21-5E2F-4512-8CC3-29E8A41C0161}.Release|x64.ActiveCfg = Release|Any CPU
		{1BB85C21-5E2F-4512-8CC3-29E8A41C0161}.Release|x64.Build.0 = Release|Any CPU
		{1BB85C21-5E2F-4512-8CC3-29E8A41C0161}.Release|x86.ActiveCfg = Release|Any CPU
		{1BB85C21-5E2F-4512-8CC3-29E8A41C0161}.Release|x86.Build.0 = Release|Any CPU
		{6DC8B36C-F290-4B2F-905C-AB98D1A2B4E0}.Debug|Any CPU.ActiveCfg = Debug|Any CPU
		{6DC8B36C-F290-4B2F-905C-AB98D1A2B4E0}.Debug|Any CPU.Build.0 = Debug|Any CPU
		{6DC8B36C-F290-4B2F-905C-AB98D1A2B4E0}.Debug|Any CPU.Deploy.0 = Debug|Any CPU
		{6DC8B36C-F290-4B2F-905C-AB98D1A2B4E0}.Debug|ARM.ActiveCfg = Debug|Any CPU
		{6DC8B36C-F290-4B2F-905C-AB98D1A2B4E0}.Debug|ARM.Build.0 = Debug|Any CPU
		{6DC8B36C-F290-4B2F-905C-AB98D1A2B4E0}.Debug|ARM.Deploy.0 = Debug|Any CPU
		{6DC8B36C-F290-4B2F-905C-AB98D1A2B4E0}.Debug|iPhone.ActiveCfg = Debug|Any CPU
		{6DC8B36C-F290-4B2F-905C-AB98D1A2B4E0}.Debug|iPhone.Build.0 = Debug|Any CPU
		{6DC8B36C-F290-4B2F-905C-AB98D1A2B4E0}.Debug|iPhone.Deploy.0 = Debug|Any CPU
		{6DC8B36C-F290-4B2F-905C-AB98D1A2B4E0}.Debug|iPhoneSimulator.ActiveCfg = Debug|Any CPU
		{6DC8B36C-F290-4B2F-905C-AB98D1A2B4E0}.Debug|iPhoneSimulator.Build.0 = Debug|Any CPU
		{6DC8B36C-F290-4B2F-905C-AB98D1A2B4E0}.Debug|iPhoneSimulator.Deploy.0 = Debug|Any CPU
		{6DC8B36C-F290-4B2F-905C-AB98D1A2B4E0}.Debug|x64.ActiveCfg = Debug|Any CPU
		{6DC8B36C-F290-4B2F-905C-AB98D1A2B4E0}.Debug|x64.Build.0 = Debug|Any CPU
		{6DC8B36C-F290-4B2F-905C-AB98D1A2B4E0}.Debug|x64.Deploy.0 = Debug|Any CPU
		{6DC8B36C-F290-4B2F-905C-AB98D1A2B4E0}.Debug|x86.ActiveCfg = Debug|Any CPU
		{6DC8B36C-F290-4B2F-905C-AB98D1A2B4E0}.Debug|x86.Build.0 = Debug|Any CPU
		{6DC8B36C-F290-4B2F-905C-AB98D1A2B4E0}.Debug|x86.Deploy.0 = Debug|Any CPU
		{6DC8B36C-F290-4B2F-905C-AB98D1A2B4E0}.Release|Any CPU.ActiveCfg = Release|Any CPU
		{6DC8B36C-F290-4B2F-905C-AB98D1A2B4E0}.Release|Any CPU.Build.0 = Release|Any CPU
		{6DC8B36C-F290-4B2F-905C-AB98D1A2B4E0}.Release|Any CPU.Deploy.0 = Release|Any CPU
		{6DC8B36C-F290-4B2F-905C-AB98D1A2B4E0}.Release|ARM.ActiveCfg = Release|Any CPU
		{6DC8B36C-F290-4B2F-905C-AB98D1A2B4E0}.Release|ARM.Build.0 = Release|Any CPU
		{6DC8B36C-F290-4B2F-905C-AB98D1A2B4E0}.Release|ARM.Deploy.0 = Release|Any CPU
		{6DC8B36C-F290-4B2F-905C-AB98D1A2B4E0}.Release|iPhone.ActiveCfg = Release|Any CPU
		{6DC8B36C-F290-4B2F-905C-AB98D1A2B4E0}.Release|iPhone.Build.0 = Release|Any CPU
		{6DC8B36C-F290-4B2F-905C-AB98D1A2B4E0}.Release|iPhone.Deploy.0 = Release|Any CPU
		{6DC8B36C-F290-4B2F-905C-AB98D1A2B4E0}.Release|iPhoneSimulator.ActiveCfg = Release|Any CPU
		{6DC8B36C-F290-4B2F-905C-AB98D1A2B4E0}.Release|iPhoneSimulator.Build.0 = Release|Any CPU
		{6DC8B36C-F290-4B2F-905C-AB98D1A2B4E0}.Release|iPhoneSimulator.Deploy.0 = Release|Any CPU
		{6DC8B36C-F290-4B2F-905C-AB98D1A2B4E0}.Release|x64.ActiveCfg = Release|Any CPU
		{6DC8B36C-F290-4B2F-905C-AB98D1A2B4E0}.Release|x64.Build.0 = Release|Any CPU
		{6DC8B36C-F290-4B2F-905C-AB98D1A2B4E0}.Release|x64.Deploy.0 = Release|Any CPU
		{6DC8B36C-F290-4B2F-905C-AB98D1A2B4E0}.Release|x86.ActiveCfg = Release|Any CPU
		{6DC8B36C-F290-4B2F-905C-AB98D1A2B4E0}.Release|x86.Build.0 = Release|Any CPU
		{6DC8B36C-F290-4B2F-905C-AB98D1A2B4E0}.Release|x86.Deploy.0 = Release|Any CPU
		{1D989CBC-C16C-49E4-BA94-A428DD4276B6}.Debug|Any CPU.ActiveCfg = Debug|iPhone
		{1D989CBC-C16C-49E4-BA94-A428DD4276B6}.Debug|ARM.ActiveCfg = Debug|iPhone
		{1D989CBC-C16C-49E4-BA94-A428DD4276B6}.Debug|iPhone.ActiveCfg = Debug|iPhone
		{1D989CBC-C16C-49E4-BA94-A428DD4276B6}.Debug|iPhone.Build.0 = Debug|iPhone
		{1D989CBC-C16C-49E4-BA94-A428DD4276B6}.Debug|iPhoneSimulator.ActiveCfg = Debug|iPhoneSimulator
		{1D989CBC-C16C-49E4-BA94-A428DD4276B6}.Debug|iPhoneSimulator.Build.0 = Debug|iPhoneSimulator
		{1D989CBC-C16C-49E4-BA94-A428DD4276B6}.Debug|x64.ActiveCfg = Debug|iPhone
		{1D989CBC-C16C-49E4-BA94-A428DD4276B6}.Debug|x86.ActiveCfg = Debug|iPhone
		{1D989CBC-C16C-49E4-BA94-A428DD4276B6}.Release|Any CPU.ActiveCfg = Release|iPhone
		{1D989CBC-C16C-49E4-BA94-A428DD4276B6}.Release|ARM.ActiveCfg = Release|iPhone
		{1D989CBC-C16C-49E4-BA94-A428DD4276B6}.Release|iPhone.ActiveCfg = Release|iPhone
		{1D989CBC-C16C-49E4-BA94-A428DD4276B6}.Release|iPhone.Build.0 = Release|iPhone
		{1D989CBC-C16C-49E4-BA94-A428DD4276B6}.Release|iPhoneSimulator.ActiveCfg = Release|iPhoneSimulator
		{1D989CBC-C16C-49E4-BA94-A428DD4276B6}.Release|iPhoneSimulator.Build.0 = Release|iPhoneSimulator
		{1D989CBC-C16C-49E4-BA94-A428DD4276B6}.Release|x64.ActiveCfg = Release|iPhone
		{1D989CBC-C16C-49E4-BA94-A428DD4276B6}.Release|x86.ActiveCfg = Release|iPhone
		{973649F9-009E-41FF-8830-B9AD8A50A7A0}.Debug|Any CPU.ActiveCfg = Debug|x86
		{973649F9-009E-41FF-8830-B9AD8A50A7A0}.Debug|ARM.ActiveCfg = Debug|ARM
		{973649F9-009E-41FF-8830-B9AD8A50A7A0}.Debug|ARM.Build.0 = Debug|ARM
		{973649F9-009E-41FF-8830-B9AD8A50A7A0}.Debug|ARM.Deploy.0 = Debug|ARM
		{973649F9-009E-41FF-8830-B9AD8A50A7A0}.Debug|iPhone.ActiveCfg = Debug|x86
		{973649F9-009E-41FF-8830-B9AD8A50A7A0}.Debug|iPhoneSimulator.ActiveCfg = Debug|x86
		{973649F9-009E-41FF-8830-B9AD8A50A7A0}.Debug|x64.ActiveCfg = Debug|x64
		{973649F9-009E-41FF-8830-B9AD8A50A7A0}.Debug|x64.Build.0 = Debug|x64
		{973649F9-009E-41FF-8830-B9AD8A50A7A0}.Debug|x64.Deploy.0 = Debug|x64
		{973649F9-009E-41FF-8830-B9AD8A50A7A0}.Debug|x86.ActiveCfg = Debug|x86
		{973649F9-009E-41FF-8830-B9AD8A50A7A0}.Debug|x86.Build.0 = Debug|x86
		{973649F9-009E-41FF-8830-B9AD8A50A7A0}.Debug|x86.Deploy.0 = Debug|x86
		{973649F9-009E-41FF-8830-B9AD8A50A7A0}.Release|Any CPU.ActiveCfg = Release|x86
		{973649F9-009E-41FF-8830-B9AD8A50A7A0}.Release|ARM.ActiveCfg = Release|ARM
		{973649F9-009E-41FF-8830-B9AD8A50A7A0}.Release|ARM.Build.0 = Release|ARM
		{973649F9-009E-41FF-8830-B9AD8A50A7A0}.Release|ARM.Deploy.0 = Release|ARM
		{973649F9-009E-41FF-8830-B9AD8A50A7A0}.Release|iPhone.ActiveCfg = Release|x86
		{973649F9-009E-41FF-8830-B9AD8A50A7A0}.Release|iPhoneSimulator.ActiveCfg = Release|x86
		{973649F9-009E-41FF-8830-B9AD8A50A7A0}.Release|x64.ActiveCfg = Release|x64
		{973649F9-009E-41FF-8830-B9AD8A50A7A0}.Release|x64.Build.0 = Release|x64
		{973649F9-009E-41FF-8830-B9AD8A50A7A0}.Release|x64.Deploy.0 = Release|x64
		{973649F9-009E-41FF-8830-B9AD8A50A7A0}.Release|x86.ActiveCfg = Release|x86
		{973649F9-009E-41FF-8830-B9AD8A50A7A0}.Release|x86.Build.0 = Release|x86
		{973649F9-009E-41FF-8830-B9AD8A50A7A0}.Release|x86.Deploy.0 = Release|x86
	EndGlobalSection
	GlobalSection(SolutionProperties) = preSolution
		HideSolutionNode = FALSE
	EndGlobalSection
	GlobalSection(NestedProjects) = preSolution
		{1BB85C21-5E2F-4512-8CC3-29E8A41C0161} = {F2092126-2119-4A83-91D6-39FBF93B9658}
		{6DC8B36C-F290-4B2F-905C-AB98D1A2B4E0} = {F2092126-2119-4A83-91D6-39FBF93B9658}
		{1D989CBC-C16C-49E4-BA94-A428DD4276B6} = {F2092126-2119-4A83-91D6-39FBF93B9658}
		{973649F9-009E-41FF-8830-B9AD8A50A7A0} = {F2092126-2119-4A83-91D6-39FBF93B9658}
	EndGlobalSection
	GlobalSection(ExtensibilityGlobals) = postSolution
		SolutionGuid = {2EAD3DF3-EEBC-4A5E-94BF-4F1F3248493E}
	EndGlobalSection
EndGlobal
