
Microsoft Visual Studio Solution File, Format Version 12.00
# Blend for Visual Studio Version 16
VisualStudioVersion = 16.0.30225.117
MinimumVisualStudioVersion = 10.0.40219.1
Project("{9A19103F-16F7-4668-BE54-9A1E7A4F7556}") = "Trisome.WPF", "Trisome.WPF\Trisome.WPF.csproj", "{2603F505-1E16-48EA-9108-1A704F2CD1A1}"
EndProject
Project("{9A19103F-16F7-4668-BE54-9A1E7A4F7556}") = "Trisome.Core", "Trisome.Core\Trisome.Core.csproj", "{DC1205FD-AB37-47AF-8BD0-940189D6BAB1}"
EndProject
Project("{9A19103F-16F7-4668-BE54-9A1E7A4F7556}") = "Trisome.DryIoC.WPF", "Trisome.DryIoC.WPF\Trisome.DryIoC.WPF.csproj", "{0B679D7B-5233-46C1-8E4C-F1275976756B}"
EndProject
Project("{2150E333-8FDC-42A3-9474-1A3956D46DE8}") = "AMock", "AMock", "{F2092126-2119-4A83-91D6-39FBF93B9658}"
EndProject
Project("{9A19103F-16F7-4668-BE54-9A1E7A4F7556}") = "AMock.Core", "AMock\AMock.Core\AMock.Core.csproj", "{FC7BB53E-A1A5-4D2C-A557-579077A9110B}"
EndProject
Project("{FAE04EC0-301F-11D3-BF4B-00C04F79EFBC}") = "AMock.Android", "AMock\AMock.Android\AMock.Android.csproj", "{6DC8B36C-F290-4B2F-905C-AB98D1A2B4E0}"
EndProject
Project("{FAE04EC0-301F-11D3-BF4B-00C04F79EFBC}") = "AMock.iOS", "AMock\AMock.iOS\AMock.iOS.csproj", "{1D989CBC-C16C-49E4-BA94-A428DD4276B6}"
EndProject
Project("{FAE04EC0-301F-11D3-BF4B-00C04F79EFBC}") = "AMock.UWP", "AMock\AMock.UWP\AMock.UWP.csproj", "{973649F9-009E-41FF-8830-B9AD8A50A7A0}"
EndProject
Project("{9A19103F-16F7-4668-BE54-9A1E7A4F7556}") = "AMock.WPF", "AMock\AMock.WPF\AMock.WPF.csproj", "{C9335AD0-A515-4430-B811-B8FBED63A525}"
EndProject
Project("{9A19103F-16F7-4668-BE54-9A1E7A4F7556}") = "ASerial.WPF", "ASerial.WPF\ASerial.WPF.csproj", "{D46D1495-B690-4AE0-AB5B-555288DD21C4}"
EndProject
Project("{FAE04EC0-301F-11D3-BF4B-00C04F79EFBC}") = "AOtter.WPF", "AOtter.WPF\AOtter.WPF.csproj", "{E8C901C7-AA9C-490C-9231-44D197A50528}"
EndProject
Global
	GlobalSection(SolutionConfigurationPlatforms) = preSolution
		Debug|Any CPU = Debug|Any CPU
		Debug|ARM = Debug|ARM
		Debug|iPhone = Debug|iPhone
		Debug|iPhoneSimulator = Debug|iPhoneSimulator
		Debug|x64 = Debug|x64
		Debug|x86 = Debug|x86
		Release|Any CPU = Release|Any CPU
		Release|ARM = Release|ARM
		Release|iPhone = Release|iPhone
		Release|iPhoneSimulator = Release|iPhoneSimulator
		Release|x64 = Release|x64
		Release|x86 = Release|x86
	EndGlobalSection
	GlobalSection(ProjectConfigurationPlatforms) = postSolution
		{2603F505-1E16-48EA-9108-1A704F2CD1A1}.Debug|Any CPU.ActiveCfg = Debug|Any CPU
		{2603F505-1E16-48EA-9108-1A704F2CD1A1}.Debug|Any CPU.Build.0 = Debug|Any CPU
		{2603F505-1E16-48EA-9108-1A704F2CD1A1}.Debug|ARM.ActiveCfg = Debug|Any CPU
		{2603F505-1E16-48EA-9108-1A704F2CD1A1}.Debug|ARM.Build.0 = Debug|Any CPU
		{2603F505-1E16-48EA-9108-1A704F2CD1A1}.Debug|iPhone.ActiveCfg = Debug|Any CPU
		{2603F505-1E16-48EA-9108-1A704F2CD1A1}.Debug|iPhone.Build.0 = Debug|Any CPU
		{2603F505-1E16-48EA-9108-1A704F2CD1A1}.Debug|iPhoneSimulator.ActiveCfg = Debug|Any CPU
		{2603F505-1E16-48EA-9108-1A704F2CD1A1}.Debug|iPhoneSimulator.Build.0 = Debug|Any CPU
		{2603F505-1E16-48EA-9108-1A704F2CD1A1}.Debug|x64.ActiveCfg = Debug|Any CPU
		{2603F505-1E16-48EA-9108-1A704F2CD1A1}.Debug|x64.Build.0 = Debug|Any CPU
		{2603F505-1E16-48EA-9108-1A704F2CD1A1}.Debug|x86.ActiveCfg = Debug|Any CPU
		{2603F505-1E16-48EA-9108-1A704F2CD1A1}.Debug|x86.Build.0 = Debug|Any CPU
		{2603F505-1E16-48EA-9108-1A704F2CD1A1}.Release|Any CPU.ActiveCfg = Release|Any CPU
		{2603F505-1E16-48EA-9108-1A704F2CD1A1}.Release|Any CPU.Build.0 = Release|Any CPU
		{2603F505-1E16-48EA-9108-1A704F2CD1A1}.Release|ARM.ActiveCfg = Release|Any CPU
		{2603F505-1E16-48EA-9108-1A704F2CD1A1}.Release|ARM.Build.0 = Release|Any CPU
		{2603F505-1E16-48EA-9108-1A704F2CD1A1}.Release|iPhone.ActiveCfg = Release|Any CPU
		{2603F505-1E16-48EA-9108-1A704F2CD1A1}.Release|iPhone.Build.0 = Release|Any CPU
		{2603F505-1E16-48EA-9108-1A704F2CD1A1}.Release|iPhoneSimulator.ActiveCfg = Release|Any CPU
		{2603F505-1E16-48EA-9108-1A704F2CD1A1}.Release|iPhoneSimulator.Build.0 = Release|Any CPU
		{2603F505-1E16-48EA-9108-1A704F2CD1A1}.Release|x64.ActiveCfg = Release|Any CPU
		{2603F505-1E16-48EA-9108-1A704F2CD1A1}.Release|x64.Build.0 = Release|Any CPU
		{2603F505-1E16-48EA-9108-1A704F2CD1A1}.Release|x86.ActiveCfg = Release|Any CPU
		{2603F505-1E16-48EA-9108-1A704F2CD1A1}.Release|x86.Build.0 = Release|Any CPU
		{DC1205FD-AB37-47AF-8BD0-940189D6BAB1}.Debug|Any CPU.ActiveCfg = Debug|Any CPU
		{DC1205FD-AB37-47AF-8BD0-940189D6BAB1}.Debug|Any CPU.Build.0 = Debug|Any CPU
		{DC1205FD-AB37-47AF-8BD0-940189D6BAB1}.Debug|ARM.ActiveCfg = Debug|Any CPU
		{DC1205FD-AB37-47AF-8BD0-940189D6BAB1}.Debug|ARM.Build.0 = Debug|Any CPU
		{DC1205FD-AB37-47AF-8BD0-940189D6BAB1}.Debug|iPhone.ActiveCfg = Debug|Any CPU
		{DC1205FD-AB37-47AF-8BD0-940189D6BAB1}.Debug|iPhone.Build.0 = Debug|Any CPU
		{DC1205FD-AB37-47AF-8BD0-940189D6BAB1}.Debug|iPhoneSimulator.ActiveCfg = Debug|Any CPU
		{DC1205FD-AB37-47AF-8BD0-940189D6BAB1}.Debug|iPhoneSimulator.Build.0 = Debug|Any CPU
		{DC1205FD-AB37-47AF-8BD0-940189D6BAB1}.Debug|x64.ActiveCfg = Debug|Any CPU
		{DC1205FD-AB37-47AF-8BD0-940189D6BAB1}.Debug|x64.Build.0 = Debug|Any CPU
		{DC1205FD-AB37-47AF-8BD0-940189D6BAB1}.Debug|x86.ActiveCfg = Debug|Any CPU
		{DC1205FD-AB37-47AF-8BD0-940189D6BAB1}.Debug|x86.Build.0 = Debug|Any CPU
		{DC1205FD-AB37-47AF-8BD0-940189D6BAB1}.Release|Any CPU.ActiveCfg = Release|Any CPU
		{DC1205FD-AB37-47AF-8BD0-940189D6BAB1}.Release|Any CPU.Build.0 = Release|Any CPU
		{DC1205FD-AB37-47AF-8BD0-940189D6BAB1}.Release|ARM.ActiveCfg = Release|Any CPU
		{DC1205FD-AB37-47AF-8BD0-940189D6BAB1}.Release|ARM.Build.0 = Release|Any CPU
		{DC1205FD-AB37-47AF-8BD0-940189D6BAB1}.Release|iPhone.ActiveCfg = Release|Any CPU
		{DC1205FD-AB37-47AF-8BD0-940189D6BAB1}.Release|iPhone.Build.0 = Release|Any CPU
		{DC1205FD-AB37-47AF-8BD0-940189D6BAB1}.Release|iPhoneSimulator.ActiveCfg = Release|Any CPU
		{DC1205FD-AB37-47AF-8BD0-940189D6BAB1}.Release|iPhoneSimulator.Build.0 = Release|Any CPU
		{DC1205FD-AB37-47AF-8BD0-940189D6BAB1}.Release|x64.ActiveCfg = Release|Any CPU
		{DC1205FD-AB37-47AF-8BD0-940189D6BAB1}.Release|x64.Build.0 = Release|Any CPU
		{DC1205FD-AB37-47AF-8BD0-940189D6BAB1}.Release|x86.ActiveCfg = Release|Any CPU
		{DC1205FD-AB37-47AF-8BD0-940189D6BAB1}.Release|x86.Build.0 = Release|Any CPU
		{0B679D7B-5233-46C1-8E4C-F1275976756B}.Debug|Any CPU.ActiveCfg = Debug|Any CPU
		{0B679D7B-5233-46C1-8E4C-F1275976756B}.Debug|Any CPU.Build.0 = Debug|Any CPU
		{0B679D7B-5233-46C1-8E4C-F1275976756B}.Debug|ARM.ActiveCfg = Debug|Any CPU
		{0B679D7B-5233-46C1-8E4C-F1275976756B}.Debug|ARM.Build.0 = Debug|Any CPU
		{0B679D7B-5233-46C1-8E4C-F1275976756B}.Debug|iPhone.ActiveCfg = Debug|Any CPU
		{0B679D7B-5233-46C1-8E4C-F1275976756B}.Debug|iPhone.Build.0 = Debug|Any CPU
		{0B679D7B-5233-46C1-8E4C-F1275976756B}.Debug|iPhoneSimulator.ActiveCfg = Debug|Any CPU
		{0B679D7B-5233-46C1-8E4C-F1275976756B}.Debug|iPhoneSimulator.Build.0 = Debug|Any CPU
		{0B679D7B-5233-46C1-8E4C-F1275976756B}.Debug|x64.ActiveCfg = Debug|Any CPU
		{0B679D7B-5233-46C1-8E4C-F1275976756B}.Debug|x64.Build.0 = Debug|Any CPU
		{0B679D7B-5233-46C1-8E4C-F1275976756B}.Debug|x86.ActiveCfg = Debug|Any CPU
		{0B679D7B-5233-46C1-8E4C-F1275976756B}.Debug|x86.Build.0 = Debug|Any CPU
		{0B679D7B-5233-46C1-8E4C-F1275976756B}.Release|Any CPU.ActiveCfg = Release|Any CPU
		{0B679D7B-5233-46C1-8E4C-F1275976756B}.Release|Any CPU.Build.0 = Release|Any CPU
		{0B679D7B-5233-46C1-8E4C-F1275976756B}.Release|ARM.ActiveCfg = Release|Any CPU
		{0B679D7B-5233-46C1-8E4C-F1275976756B}.Release|ARM.Build.0 = Release|Any CPU
		{0B679D7B-5233-46C1-8E4C-F1275976756B}.Release|iPhone.ActiveCfg = Release|Any CPU
		{0B679D7B-5233-46C1-8E4C-F1275976756B}.Release|iPhone.Build.0 = Release|Any CPU
		{0B679D7B-5233-46C1-8E4C-F1275976756B}.Release|iPhoneSimulator.ActiveCfg = Release|Any CPU
		{0B679D7B-5233-46C1-8E4C-F1275976756B}.Release|iPhoneSimulator.Build.0 = Release|Any CPU
		{0B679D7B-5233-46C1-8E4C-F1275976756B}.Release|x64.ActiveCfg = Release|Any CPU
		{0B679D7B-5233-46C1-8E4C-F1275976756B}.Release|x64.Build.0 = Release|Any CPU
		{0B679D7B-5233-46C1-8E4C-F1275976756B}.Release|x86.ActiveCfg = Release|Any CPU
		{0B679D7B-5233-46C1-8E4C-F1275976756B}.Release|x86.Build.0 = Release|Any CPU
		{FC7BB53E-A1A5-4D2C-A557-579077A9110B}.Debug|Any CPU.ActiveCfg = Debug|Any CPU
		{FC7BB53E-A1A5-4D2C-A557-579077A9110B}.Debug|Any CPU.Build.0 = Debug|Any CPU
		{FC7BB53E-A1A5-4D2C-A557-579077A9110B}.Debug|ARM.ActiveCfg = Debug|Any CPU
		{FC7BB53E-A1A5-4D2C-A557-579077A9110B}.Debug|ARM.Build.0 = Debug|Any CPU
		{FC7BB53E-A1A5-4D2C-A557-579077A9110B}.Debug|iPhone.ActiveCfg = Debug|Any CPU
		{FC7BB53E-A1A5-4D2C-A557-579077A9110B}.Debug|iPhone.Build.0 = Debug|Any CPU
		{FC7BB53E-A1A5-4D2C-A557-579077A9110B}.Debug|iPhoneSimulator.ActiveCfg = Debug|Any CPU
		{FC7BB53E-A1A5-4D2C-A557-579077A9110B}.Debug|iPhoneSimulator.Build.0 = Debug|Any CPU
		{FC7BB53E-A1A5-4D2C-A557-579077A9110B}.Debug|x64.ActiveCfg = Debug|Any CPU
		{FC7BB53E-A1A5-4D2C-A557-579077A9110B}.Debug|x64.Build.0 = Debug|Any CPU
		{FC7BB53E-A1A5-4D2C-A557-579077A9110B}.Debug|x86.ActiveCfg = Debug|Any CPU
		{FC7BB53E-A1A5-4D2C-A557-579077A9110B}.Debug|x86.Build.0 = Debug|Any CPU
		{FC7BB53E-A1A5-4D2C-A557-579077A9110B}.Release|Any CPU.ActiveCfg = Release|Any CPU
		{FC7BB53E-A1A5-4D2C-A557-579077A9110B}.Release|Any CPU.Build.0 = Release|Any CPU
		{FC7BB53E-A1A5-4D2C-A557-579077A9110B}.Release|ARM.ActiveCfg = Release|Any CPU
		{FC7BB53E-A1A5-4D2C-A557-579077A9110B}.Release|ARM.Build.0 = Release|Any CPU
		{FC7BB53E-A1A5-4D2C-A557-579077A9110B}.Release|iPhone.ActiveCfg = Release|Any CPU
		{FC7BB53E-A1A5-4D2C-A557-579077A9110B}.Release|iPhone.Build.0 = Release|Any CPU
		{FC7BB53E-A1A5-4D2C-A557-579077A9110B}.Release|iPhoneSimulator.ActiveCfg = Release|Any CPU
		{FC7BB53E-A1A5-4D2C-A557-579077A9110B}.Release|iPhoneSimulator.Build.0 = Release|Any CPU
		{FC7BB53E-A1A5-4D2C-A557-579077A9110B}.Release|x64.ActiveCfg = Release|Any CPU
		{FC7BB53E-A1A5-4D2C-A557-579077A9110B}.Release|x64.Build.0 = Release|Any CPU
		{FC7BB53E-A1A5-4D2C-A557-579077A9110B}.Release|x86.ActiveCfg = Release|Any CPU
		{FC7BB53E-A1A5-4D2C-A557-579077A9110B}.Release|x86.Build.0 = Release|Any CPU
		{6DC8B36C-F290-4B2F-905C-AB98D1A2B4E0}.Debug|Any CPU.ActiveCfg = Debug|Any CPU
		{6DC8B36C-F290-4B2F-905C-AB98D1A2B4E0}.Debug|Any CPU.Build.0 = Debug|Any CPU
		{6DC8B36C-F290-4B2F-905C-AB98D1A2B4E0}.Debug|Any CPU.Deploy.0 = Debug|Any CPU
		{6DC8B36C-F290-4B2F-905C-AB98D1A2B4E0}.Debug|ARM.ActiveCfg = Debug|Any CPU
		{6DC8B36C-F290-4B2F-905C-AB98D1A2B4E0}.Debug|ARM.Build.0 = Debug|Any CPU
		{6DC8B36C-F290-4B2F-905C-AB98D1A2B4E0}.Debug|ARM.Deploy.0 = Debug|Any CPU
		{6DC8B36C-F290-4B2F-905C-AB98D1A2B4E0}.Debug|iPhone.ActiveCfg = Debug|Any CPU
		{6DC8B36C-F290-4B2F-905C-AB98D1A2B4E0}.Debug|iPhone.Build.0 = Debug|Any CPU
		{6DC8B36C-F290-4B2F-905C-AB98D1A2B4E0}.Debug|iPhone.Deploy.0 = Debug|Any CPU
		{6DC8B36C-F290-4B2F-905C-AB98D1A2B4E0}.Debug|iPhoneSimulator.ActiveCfg = Debug|Any CPU
		{6DC8B36C-F290-4B2F-905C-AB98D1A2B4E0}.Debug|iPhoneSimulator.Build.0 = Debug|Any CPU
		{6DC8B36C-F290-4B2F-905C-AB98D1A2B4E0}.Debug|iPhoneSimulator.Deploy.0 = Debug|Any CPU
		{6DC8B36C-F290-4B2F-905C-AB98D1A2B4E0}.Debug|x64.ActiveCfg = Debug|Any CPU
		{6DC8B36C-F290-4B2F-905C-AB98D1A2B4E0}.Debug|x64.Build.0 = Debug|Any CPU
		{6DC8B36C-F290-4B2F-905C-AB98D1A2B4E0}.Debug|x64.Deploy.0 = Debug|Any CPU
		{6DC8B36C-F290-4B2F-905C-AB98D1A2B4E0}.Debug|x86.ActiveCfg = Debug|Any CPU
		{6DC8B36C-F290-4B2F-905C-AB98D1A2B4E0}.Debug|x86.Build.0 = Debug|Any CPU
		{6DC8B36C-F290-4B2F-905C-AB98D1A2B4E0}.Debug|x86.Deploy.0 = Debug|Any CPU
		{6DC8B36C-F290-4B2F-905C-AB98D1A2B4E0}.Release|Any CPU.ActiveCfg = Release|Any CPU
		{6DC8B36C-F290-4B2F-905C-AB98D1A2B4E0}.Release|Any CPU.Build.0 = Release|Any CPU
		{6DC8B36C-F290-4B2F-905C-AB98D1A2B4E0}.Release|Any CPU.Deploy.0 = Release|Any CPU
		{6DC8B36C-F290-4B2F-905C-AB98D1A2B4E0}.Release|ARM.ActiveCfg = Release|Any CPU
		{6DC8B36C-F290-4B2F-905C-AB98D1A2B4E0}.Release|ARM.Build.0 = Release|Any CPU
		{6DC8B36C-F290-4B2F-905C-AB98D1A2B4E0}.Release|ARM.Deploy.0 = Release|Any CPU
		{6DC8B36C-F290-4B2F-905C-AB98D1A2B4E0}.Release|iPhone.ActiveCfg = Release|Any CPU
		{6DC8B36C-F290-4B2F-905C-AB98D1A2B4E0}.Release|iPhone.Build.0 = Release|Any CPU
		{6DC8B36C-F290-4B2F-905C-AB98D1A2B4E0}.Release|iPhone.Deploy.0 = Release|Any CPU
		{6DC8B36C-F290-4B2F-905C-AB98D1A2B4E0}.Release|iPhoneSimulator.ActiveCfg = Release|Any CPU
		{6DC8B36C-F290-4B2F-905C-AB98D1A2B4E0}.Release|iPhoneSimulator.Build.0 = Release|Any CPU
		{6DC8B36C-F290-4B2F-905C-AB98D1A2B4E0}.Release|iPhoneSimulator.Deploy.0 = Release|Any CPU
		{6DC8B36C-F290-4B2F-905C-AB98D1A2B4E0}.Release|x64.ActiveCfg = Release|Any CPU
		{6DC8B36C-F290-4B2F-905C-AB98D1A2B4E0}.Release|x64.Build.0 = Release|Any CPU
		{6DC8B36C-F290-4B2F-905C-AB98D1A2B4E0}.Release|x64.Deploy.0 = Release|Any CPU
		{6DC8B36C-F290-4B2F-905C-AB98D1A2B4E0}.Release|x86.ActiveCfg = Release|Any CPU
		{6DC8B36C-F290-4B2F-905C-AB98D1A2B4E0}.Release|x86.Build.0 = Release|Any CPU
		{6DC8B36C-F290-4B2F-905C-AB98D1A2B4E0}.Release|x86.Deploy.0 = Release|Any CPU
		{1D989CBC-C16C-49E4-BA94-A428DD4276B6}.Debug|Any CPU.ActiveCfg = Debug|iPhone
		{1D989CBC-C16C-49E4-BA94-A428DD4276B6}.Debug|ARM.ActiveCfg = Debug|iPhone
		{1D989CBC-C16C-49E4-BA94-A428DD4276B6}.Debug|iPhone.ActiveCfg = Debug|iPhone
		{1D989CBC-C16C-49E4-BA94-A428DD4276B6}.Debug|iPhone.Build.0 = Debug|iPhone
		{1D989CBC-C16C-49E4-BA94-A428DD4276B6}.Debug|iPhone.Deploy.0 = Debug|iPhone
		{1D989CBC-C16C-49E4-BA94-A428DD4276B6}.Debug|iPhoneSimulator.ActiveCfg = Debug|iPhoneSimulator
		{1D989CBC-C16C-49E4-BA94-A428DD4276B6}.Debug|iPhoneSimulator.Build.0 = Debug|iPhoneSimulator
		{1D989CBC-C16C-49E4-BA94-A428DD4276B6}.Debug|x64.ActiveCfg = Debug|iPhone
		{1D989CBC-C16C-49E4-BA94-A428DD4276B6}.Debug|x86.ActiveCfg = Debug|iPhone
		{1D989CBC-C16C-49E4-BA94-A428DD4276B6}.Release|Any CPU.ActiveCfg = Release|iPhone
		{1D989CBC-C16C-49E4-BA94-A428DD4276B6}.Release|ARM.ActiveCfg = Release|iPhone
		{1D989CBC-C16C-49E4-BA94-A428DD4276B6}.Release|iPhone.ActiveCfg = Release|iPhone
		{1D989CBC-C16C-49E4-BA94-A428DD4276B6}.Release|iPhone.Build.0 = Release|iPhone
		{1D989CBC-C16C-49E4-BA94-A428DD4276B6}.Release|iPhoneSimulator.ActiveCfg = Release|iPhoneSimulator
		{1D989CBC-C16C-49E4-BA94-A428DD4276B6}.Release|iPhoneSimulator.Build.0 = Release|iPhoneSimulator
		{1D989CBC-C16C-49E4-BA94-A428DD4276B6}.Release|x64.ActiveCfg = Release|iPhone
		{1D989CBC-C16C-49E4-BA94-A428DD4276B6}.Release|x86.ActiveCfg = Release|iPhone
		{973649F9-009E-41FF-8830-B9AD8A50A7A0}.Debug|Any CPU.ActiveCfg = Debug|x86
		{973649F9-009E-41FF-8830-B9AD8A50A7A0}.Debug|ARM.ActiveCfg = Debug|ARM
		{973649F9-009E-41FF-8830-B9AD8A50A7A0}.Debug|ARM.Build.0 = Debug|ARM
		{973649F9-009E-41FF-8830-B9AD8A50A7A0}.Debug|ARM.Deploy.0 = Debug|ARM
		{973649F9-009E-41FF-8830-B9AD8A50A7A0}.Debug|iPhone.ActiveCfg = Debug|x86
		{973649F9-009E-41FF-8830-B9AD8A50A7A0}.Debug|iPhone.Build.0 = Debug|x86
		{973649F9-009E-41FF-8830-B9AD8A50A7A0}.Debug|iPhone.Deploy.0 = Debug|x86
		{973649F9-009E-41FF-8830-B9AD8A50A7A0}.Debug|iPhoneSimulator.ActiveCfg = Debug|x86
		{973649F9-009E-41FF-8830-B9AD8A50A7A0}.Debug|x64.ActiveCfg = Debug|x64
		{973649F9-009E-41FF-8830-B9AD8A50A7A0}.Debug|x64.Build.0 = Debug|x64
		{973649F9-009E-41FF-8830-B9AD8A50A7A0}.Debug|x64.Deploy.0 = Debug|x64
		{973649F9-009E-41FF-8830-B9AD8A50A7A0}.Debug|x86.ActiveCfg = Debug|x86
		{973649F9-009E-41FF-8830-B9AD8A50A7A0}.Debug|x86.Build.0 = Debug|x86
		{973649F9-009E-41FF-8830-B9AD8A50A7A0}.Debug|x86.Deploy.0 = Debug|x86
		{973649F9-009E-41FF-8830-B9AD8A50A7A0}.Release|Any CPU.ActiveCfg = Release|x86
		{973649F9-009E-41FF-8830-B9AD8A50A7A0}.Release|ARM.ActiveCfg = Release|ARM
		{973649F9-009E-41FF-8830-B9AD8A50A7A0}.Release|ARM.Build.0 = Release|ARM
		{973649F9-009E-41FF-8830-B9AD8A50A7A0}.Release|ARM.Deploy.0 = Release|ARM
		{973649F9-009E-41FF-8830-B9AD8A50A7A0}.Release|iPhone.ActiveCfg = Release|x86
		{973649F9-009E-41FF-8830-B9AD8A50A7A0}.Release|iPhoneSimulator.ActiveCfg = Release|x86
		{973649F9-009E-41FF-8830-B9AD8A50A7A0}.Release|x64.ActiveCfg = Release|x64
		{973649F9-009E-41FF-8830-B9AD8A50A7A0}.Release|x64.Build.0 = Release|x64
		{973649F9-009E-41FF-8830-B9AD8A50A7A0}.Release|x64.Deploy.0 = Release|x64
		{973649F9-009E-41FF-8830-B9AD8A50A7A0}.Release|x86.ActiveCfg = Release|x86
		{973649F9-009E-41FF-8830-B9AD8A50A7A0}.Release|x86.Build.0 = Release|x86
		{973649F9-009E-41FF-8830-B9AD8A50A7A0}.Release|x86.Deploy.0 = Release|x86
		{C9335AD0-A515-4430-B811-B8FBED63A525}.Debug|Any CPU.ActiveCfg = Debug|Any CPU
		{C9335AD0-A515-4430-B811-B8FBED63A525}.Debug|Any CPU.Build.0 = Debug|Any CPU
		{C9335AD0-A515-4430-B811-B8FBED63A525}.Debug|ARM.ActiveCfg = Debug|Any CPU
		{C9335AD0-A515-4430-B811-B8FBED63A525}.Debug|ARM.Build.0 = Debug|Any CPU
		{C9335AD0-A515-4430-B811-B8FBED63A525}.Debug|iPhone.ActiveCfg = Debug|Any CPU
		{C9335AD0-A515-4430-B811-B8FBED63A525}.Debug|iPhone.Build.0 = Debug|Any CPU
		{C9335AD0-A515-4430-B811-B8FBED63A525}.Debug|iPhoneSimulator.ActiveCfg = Debug|Any CPU
		{C9335AD0-A515-4430-B811-B8FBED63A525}.Debug|iPhoneSimulator.Build.0 = Debug|Any CPU
		{C9335AD0-A515-4430-B811-B8FBED63A525}.Debug|x64.ActiveCfg = Debug|Any CPU
		{C9335AD0-A515-4430-B811-B8FBED63A525}.Debug|x64.Build.0 = Debug|Any CPU
		{C9335AD0-A515-4430-B811-B8FBED63A525}.Debug|x86.ActiveCfg = Debug|Any CPU
		{C9335AD0-A515-4430-B811-B8FBED63A525}.Debug|x86.Build.0 = Debug|Any CPU
		{C9335AD0-A515-4430-B811-B8FBED63A525}.Release|Any CPU.ActiveCfg = Release|Any CPU
		{C9335AD0-A515-4430-B811-B8FBED63A525}.Release|Any CPU.Build.0 = Release|Any CPU
		{C9335AD0-A515-4430-B811-B8FBED63A525}.Release|ARM.ActiveCfg = Release|Any CPU
		{C9335AD0-A515-4430-B811-B8FBED63A525}.Release|ARM.Build.0 = Release|Any CPU
		{C9335AD0-A515-4430-B811-B8FBED63A525}.Release|iPhone.ActiveCfg = Release|Any CPU
		{C9335AD0-A515-4430-B811-B8FBED63A525}.Release|iPhone.Build.0 = Release|Any CPU
		{C9335AD0-A515-4430-B811-B8FBED63A525}.Release|iPhoneSimulator.ActiveCfg = Release|Any CPU
		{C9335AD0-A515-4430-B811-B8FBED63A525}.Release|iPhoneSimulator.Build.0 = Release|Any CPU
		{C9335AD0-A515-4430-B811-B8FBED63A525}.Release|x64.ActiveCfg = Release|Any CPU
		{C9335AD0-A515-4430-B811-B8FBED63A525}.Release|x64.Build.0 = Release|Any CPU
		{C9335AD0-A515-4430-B811-B8FBED63A525}.Release|x86.ActiveCfg = Release|Any CPU
		{C9335AD0-A515-4430-B811-B8FBED63A525}.Release|x86.Build.0 = Release|Any CPU
		{D46D1495-B690-4AE0-AB5B-555288DD21C4}.Debug|Any CPU.ActiveCfg = Debug|Any CPU
		{D46D1495-B690-4AE0-AB5B-555288DD21C4}.Debug|Any CPU.Build.0 = Debug|Any CPU
		{D46D1495-B690-4AE0-AB5B-555288DD21C4}.Debug|ARM.ActiveCfg = Debug|Any CPU
		{D46D1495-B690-4AE0-AB5B-555288DD21C4}.Debug|ARM.Build.0 = Debug|Any CPU
		{D46D1495-B690-4AE0-AB5B-555288DD21C4}.Debug|iPhone.ActiveCfg = Debug|Any CPU
		{D46D1495-B690-4AE0-AB5B-555288DD21C4}.Debug|iPhone.Build.0 = Debug|Any CPU
		{D46D1495-B690-4AE0-AB5B-555288DD21C4}.Debug|iPhoneSimulator.ActiveCfg = Debug|Any CPU
		{D46D1495-B690-4AE0-AB5B-555288DD21C4}.Debug|iPhoneSimulator.Build.0 = Debug|Any CPU
		{D46D1495-B690-4AE0-AB5B-555288DD21C4}.Debug|x64.ActiveCfg = Debug|Any CPU
		{D46D1495-B690-4AE0-AB5B-555288DD21C4}.Debug|x64.Build.0 = Debug|Any CPU
		{D46D1495-B690-4AE0-AB5B-555288DD21C4}.Debug|x86.ActiveCfg = Debug|Any CPU
		{D46D1495-B690-4AE0-AB5B-555288DD21C4}.Debug|x86.Build.0 = Debug|Any CPU
		{D46D1495-B690-4AE0-AB5B-555288DD21C4}.Release|Any CPU.ActiveCfg = Release|Any CPU
		{D46D1495-B690-4AE0-AB5B-555288DD21C4}.Release|Any CPU.Build.0 = Release|Any CPU
		{D46D1495-B690-4AE0-AB5B-555288DD21C4}.Release|ARM.ActiveCfg = Release|Any CPU
		{D46D1495-B690-4AE0-AB5B-555288DD21C4}.Release|ARM.Build.0 = Release|Any CPU
		{D46D1495-B690-4AE0-AB5B-555288DD21C4}.Release|iPhone.ActiveCfg = Release|Any CPU
		{D46D1495-B690-4AE0-AB5B-555288DD21C4}.Release|iPhone.Build.0 = Release|Any CPU
		{D46D1495-B690-4AE0-AB5B-555288DD21C4}.Release|iPhoneSimulator.ActiveCfg = Release|Any CPU
		{D46D1495-B690-4AE0-AB5B-555288DD21C4}.Release|iPhoneSimulator.Build.0 = Release|Any CPU
		{D46D1495-B690-4AE0-AB5B-555288DD21C4}.Release|x64.ActiveCfg = Release|Any CPU
		{D46D1495-B690-4AE0-AB5B-555288DD21C4}.Release|x64.Build.0 = Release|Any CPU
		{D46D1495-B690-4AE0-AB5B-555288DD21C4}.Release|x86.ActiveCfg = Release|Any CPU
		{D46D1495-B690-4AE0-AB5B-555288DD21C4}.Release|x86.Build.0 = Release|Any CPU
		{E8C901C7-AA9C-490C-9231-44D197A50528}.Debug|Any CPU.ActiveCfg = Debug|Any CPU
		{E8C901C7-AA9C-490C-9231-44D197A50528}.Debug|Any CPU.Build.0 = Debug|Any CPU
		{E8C901C7-AA9C-490C-9231-44D197A50528}.Debug|ARM.ActiveCfg = Debug|Any CPU
		{E8C901C7-AA9C-490C-9231-44D197A50528}.Debug|ARM.Build.0 = Debug|Any CPU
		{E8C901C7-AA9C-490C-9231-44D197A50528}.Debug|iPhone.ActiveCfg = Debug|Any CPU
		{E8C901C7-AA9C-490C-9231-44D197A50528}.Debug|iPhone.Build.0 = Debug|Any CPU
		{E8C901C7-AA9C-490C-9231-44D197A50528}.Debug|iPhoneSimulator.ActiveCfg = Debug|Any CPU
		{E8C901C7-AA9C-490C-9231-44D197A50528}.Debug|iPhoneSimulator.Build.0 = Debug|Any CPU
		{E8C901C7-AA9C-490C-9231-44D197A50528}.Debug|x64.ActiveCfg = Debug|Any CPU
		{E8C901C7-AA9C-490C-9231-44D197A50528}.Debug|x64.Build.0 = Debug|Any CPU
		{E8C901C7-AA9C-490C-9231-44D197A50528}.Debug|x86.ActiveCfg = Debug|Any CPU
		{E8C901C7-AA9C-490C-9231-44D197A50528}.Debug|x86.Build.0 = Debug|Any CPU
		{E8C901C7-AA9C-490C-9231-44D197A50528}.Release|Any CPU.ActiveCfg = Release|Any CPU
		{E8C901C7-AA9C-490C-9231-44D197A50528}.Release|Any CPU.Build.0 = Release|Any CPU
		{E8C901C7-AA9C-490C-9231-44D197A50528}.Release|ARM.ActiveCfg = Release|Any CPU
		{E8C901C7-AA9C-490C-9231-44D197A50528}.Release|ARM.Build.0 = Release|Any CPU
		{E8C901C7-AA9C-490C-9231-44D197A50528}.Release|iPhone.ActiveCfg = Release|Any CPU
		{E8C901C7-AA9C-490C-9231-44D197A50528}.Release|iPhone.Build.0 = Release|Any CPU
		{E8C901C7-AA9C-490C-9231-44D197A50528}.Release|iPhoneSimulator.ActiveCfg = Release|Any CPU
		{E8C901C7-AA9C-490C-9231-44D197A50528}.Release|iPhoneSimulator.Build.0 = Release|Any CPU
		{E8C901C7-AA9C-490C-9231-44D197A50528}.Release|x64.ActiveCfg = Release|Any CPU
		{E8C901C7-AA9C-490C-9231-44D197A50528}.Release|x64.Build.0 = Release|Any CPU
		{E8C901C7-AA9C-490C-9231-44D197A50528}.Release|x86.ActiveCfg = Release|Any CPU
		{E8C901C7-AA9C-490C-9231-44D197A50528}.Release|x86.Build.0 = Release|Any CPU
	EndGlobalSection
	GlobalSection(SolutionProperties) = preSolution
		HideSolutionNode = FALSE
	EndGlobalSection
	GlobalSection(NestedProjects) = preSolution
		{FC7BB53E-A1A5-4D2C-A557-579077A9110B} = {F2092126-2119-4A83-91D6-39FBF93B9658}
		{6DC8B36C-F290-4B2F-905C-AB98D1A2B4E0} = {F2092126-2119-4A83-91D6-39FBF93B9658}
		{1D989CBC-C16C-49E4-BA94-A428DD4276B6} = {F2092126-2119-4A83-91D6-39FBF93B9658}
		{973649F9-009E-41FF-8830-B9AD8A50A7A0} = {F2092126-2119-4A83-91D6-39FBF93B9658}
		{C9335AD0-A515-4430-B811-B8FBED63A525} = {F2092126-2119-4A83-91D6-39FBF93B9658}
	EndGlobalSection
	GlobalSection(ExtensibilityGlobals) = postSolution
		SolutionGuid = {2EAD3DF3-EEBC-4A5E-94BF-4F1F3248493E}
	EndGlobalSection
EndGlobal
